{
  "dependencies": {
    "async": {
      "version": "0.9.0"
    },
    "github": {
      "version": "0.2.3"
    },
    "github-webhook-handler": {
      "version": "https://github.com/meteor/github-webhook-handler/tarball/76879a0f2e5eaaa0ba3cbc54715de23a0b3f9984",
      "dependencies": {
        "bl": {
          "version": "0.8.2",
          "dependencies": {
            "readable-stream": {
              "version": "1.0.33",
              "dependencies": {
                "core-util-is": {
                  "version": "1.0.1"
                },
                "isarray": {
                  "version": "0.0.1"
                },
                "string_decoder": {
                  "version": "0.10.31"
                },
                "inherits": {
                  "version": "2.0.1"
                }
              }
            }
          }
        }
      }
    }
  }
}
